
Microsoft Visual Studio Solution File, Format Version 12.00
# Visual Studio Version 16
VisualStudioVersion = 16.0.809.5
MinimumVisualStudioVersion = 10.0.40219.1
Project("{FAE04EC0-301F-11D3-BF4B-00C04F79EFBC}") = "WebUI", "WebUI\WebUI.csproj", "{BB1FAAE7-8940-4CA2-AF30-41A17F126017}"
EndProject
Project("{FAE04EC0-301F-11D3-BF4B-00C04F79EFBC}") = "Domain", "Domain\Domain.csproj", "{9CFB63B8-3775-4D75-959A-C4D3D8DE2660}"
EndProject
Project("{FAE04EC0-301F-11D3-BF4B-00C04F79EFBC}") = "DataAccess", "DataAccess\DataAccess.csproj", "{7D24BAC1-8778-45BB-ACDA-71D521B446AB}"
EndProject
Global
	GlobalSection(SolutionConfigurationPlatforms) = preSolution
		Debug|Any CPU = Debug|Any CPU
		Release|Any CPU = Release|Any CPU
	EndGlobalSection
	GlobalSection(ProjectConfigurationPlatforms) = postSolution
		{BB1FAAE7-8940-4CA2-AF30-41A17F126017}.Debug|Any CPU.ActiveCfg = Debug|Any CPU
		{BB1FAAE7-8940-4CA2-AF30-41A17F126017}.Debug|Any CPU.Build.0 = Debug|Any CPU
		{BB1FAAE7-8940-4CA2-AF30-41A17F126017}.Release|Any CPU.ActiveCfg = Release|Any CPU
		{BB1FAAE7-8940-4CA2-AF30-41A17F126017}.Release|Any CPU.Build.0 = Release|Any CPU
		{9CFB63B8-3775-4D75-959A-C4D3D8DE2660}.Debug|Any CPU.ActiveCfg = Debug|Any CPU
		{9CFB63B8-3775-4D75-959A-C4D3D8DE2660}.Debug|Any CPU.Build.0 = Debug|Any CPU
		{9CFB63B8-3775-4D75-959A-C4D3D8DE2660}.Release|Any CPU.ActiveCfg = Release|Any CPU
		{9CFB63B8-3775-4D75-959A-C4D3D8DE2660}.Release|Any CPU.Build.0 = Release|Any CPU
		{7D24BAC1-8778-45BB-ACDA-71D521B446AB}.Debug|Any CPU.ActiveCfg = Debug|Any CPU
		{7D24BAC1-8778-45BB-ACDA-71D521B446AB}.Debug|Any CPU.Build.0 = Debug|Any CPU
		{7D24BAC1-8778-45BB-ACDA-71D521B446AB}.Release|Any CPU.ActiveCfg = Release|Any CPU
		{7D24BAC1-8778-45BB-ACDA-71D521B446AB}.Release|Any CPU.Build.0 = Release|Any CPU
	EndGlobalSection
	GlobalSection(SolutionProperties) = preSolution
		HideSolutionNode = FALSE
	EndGlobalSection
	GlobalSection(ExtensibilityGlobals) = postSolution
		SolutionGuid = {D6EA1C2B-5449-4DEC-9962-BC48298EFC74}
	EndGlobalSection
EndGlobal
